
Microsoft Visual Studio Solution File, Format Version 12.00
# Visual Studio Version 17
VisualStudioVersion = 17.9.34728.123
MinimumVisualStudioVersion = 10.0.40219.1
Project("{9A19103F-16F7-4668-BE54-9A1E7A4F7556}") = "MyStore", "MyStore\MyStore.csproj", "{03850FF6-76FD-4D6A-B258-B4E0006A90E1}"
EndProject
Global
	GlobalSection(SolutionConfigurationPlatforms) = preSolution
		Debug|Any CPU = Debug|Any CPU
		Release|Any CPU = Release|Any CPU
	EndGlobalSection
	GlobalSection(ProjectConfigurationPlatforms) = postSolution
		{03850FF6-76FD-4D6A-B258-B4E0006A90E1}.Debug|Any CPU.ActiveCfg = Debug|Any CPU
		{03850FF6-76FD-4D6A-B258-B4E0006A90E1}.Debug|Any CPU.Build.0 = Debug|Any CPU
		{03850FF6-76FD-4D6A-B258-B4E0006A90E1}.Release|Any CPU.ActiveCfg = Release|Any CPU
		{03850FF6-76FD-4D6A-B258-B4E0006A90E1}.Release|Any CPU.Build.0 = Release|Any CPU
	EndGlobalSection
	GlobalSection(SolutionProperties) = preSolution
		HideSolutionNode = FALSE
	EndGlobalSection
	GlobalSection(ExtensibilityGlobals) = postSolution
		SolutionGuid = {4895D31C-630D-4BC8-93CE-72E027BA56E5}
	EndGlobalSection
EndGlobal
